
Microsoft Visual Studio Solution File, Format Version 12.00
# Visual Studio 15
VisualStudioVersion = 15.0.26124.0
MinimumVisualStudioVersion = 15.0.26124.0
Project("{FAE04EC0-301F-11D3-BF4B-00C04F79EFBC}") = "Web.API", "Web.API\Web.API.csproj", "{4D06914E-0C1B-43AD-A039-707E80175DD7}"
EndProject
Project("{FAE04EC0-301F-11D3-BF4B-00C04F79EFBC}") = "Services.DTOs", "Services.DTOs\Services.DTOs.csproj", "{639A1E91-6E49-4AF6-9F7B-30C931A8EC0B}"
EndProject
Project("{FAE04EC0-301F-11D3-BF4B-00C04F79EFBC}") = "Services", "Services\Services.csproj", "{0C5E5B89-14BA-421D-AEA4-92F4961D912F}"
EndProject
Project("{FAE04EC0-301F-11D3-BF4B-00C04F79EFBC}") = "Services.Abstract", "Services.Abstract\Services.Abstract.csproj", "{324A95D5-D1E7-4E1C-9884-1306CA7FB7E0}"
EndProject
Project("{FAE04EC0-301F-11D3-BF4B-00C04F79EFBC}") = "DAL.Abstract", "DAL.Abstract\DAL.Abstract.csproj", "{14C8CE56-38BE-48CD-B4D9-2AE3317AE4AE}"
EndProject
Project("{FAE04EC0-301F-11D3-BF4B-00C04F79EFBC}") = "DAL.EF", "DAL.EF\DAL.EF.csproj", "{2FB668BF-9D35-47A2-86E3-1450ADFD50C1}"
EndProject
Project("{FAE04EC0-301F-11D3-BF4B-00C04F79EFBC}") = "Domain", "Domain\Domain.csproj", "{F24DDAB7-C605-4C33-9D12-24AB9B9CF07C}"
EndProject
Project("{FAE04EC0-301F-11D3-BF4B-00C04F79EFBC}") = "Common", "Common\Common.csproj", "{DFADE4BD-0B81-4274-AF66-A8AABB7E599B}"
EndProject
Project("{FAE04EC0-301F-11D3-BF4B-00C04F79EFBC}") = "DI", "DI\DI.csproj", "{E1BFDB58-B9B3-49C7-A4FC-21E2622B6BFB}"
EndProject
Project("{FAE04EC0-301F-11D3-BF4B-00C04F79EFBC}") = "Services.Tests", "Services.Tests\Services.Tests.csproj", "{62AC5290-1770-4C72-9125-E0E0C5B535B8}"
EndProject
Global
	GlobalSection(SolutionConfigurationPlatforms) = preSolution
		Debug|Any CPU = Debug|Any CPU
		Debug|x64 = Debug|x64
		Debug|x86 = Debug|x86
		Release|Any CPU = Release|Any CPU
		Release|x64 = Release|x64
		Release|x86 = Release|x86
	EndGlobalSection
	GlobalSection(SolutionProperties) = preSolution
		HideSolutionNode = FALSE
	EndGlobalSection
	GlobalSection(ProjectConfigurationPlatforms) = postSolution
		{4D06914E-0C1B-43AD-A039-707E80175DD7}.Debug|Any CPU.ActiveCfg = Debug|Any CPU
		{4D06914E-0C1B-43AD-A039-707E80175DD7}.Debug|Any CPU.Build.0 = Debug|Any CPU
		{4D06914E-0C1B-43AD-A039-707E80175DD7}.Debug|x64.ActiveCfg = Debug|Any CPU
		{4D06914E-0C1B-43AD-A039-707E80175DD7}.Debug|x64.Build.0 = Debug|Any CPU
		{4D06914E-0C1B-43AD-A039-707E80175DD7}.Debug|x86.ActiveCfg = Debug|Any CPU
		{4D06914E-0C1B-43AD-A039-707E80175DD7}.Debug|x86.Build.0 = Debug|Any CPU
		{4D06914E-0C1B-43AD-A039-707E80175DD7}.Release|Any CPU.ActiveCfg = Release|Any CPU
		{4D06914E-0C1B-43AD-A039-707E80175DD7}.Release|Any CPU.Build.0 = Release|Any CPU
		{4D06914E-0C1B-43AD-A039-707E80175DD7}.Release|x64.ActiveCfg = Release|Any CPU
		{4D06914E-0C1B-43AD-A039-707E80175DD7}.Release|x64.Build.0 = Release|Any CPU
		{4D06914E-0C1B-43AD-A039-707E80175DD7}.Release|x86.ActiveCfg = Release|Any CPU
		{4D06914E-0C1B-43AD-A039-707E80175DD7}.Release|x86.Build.0 = Release|Any CPU
		{639A1E91-6E49-4AF6-9F7B-30C931A8EC0B}.Debug|Any CPU.ActiveCfg = Debug|Any CPU
		{639A1E91-6E49-4AF6-9F7B-30C931A8EC0B}.Debug|Any CPU.Build.0 = Debug|Any CPU
		{639A1E91-6E49-4AF6-9F7B-30C931A8EC0B}.Debug|x64.ActiveCfg = Debug|Any CPU
		{639A1E91-6E49-4AF6-9F7B-30C931A8EC0B}.Debug|x64.Build.0 = Debug|Any CPU
		{639A1E91-6E49-4AF6-9F7B-30C931A8EC0B}.Debug|x86.ActiveCfg = Debug|Any CPU
		{639A1E91-6E49-4AF6-9F7B-30C931A8EC0B}.Debug|x86.Build.0 = Debug|Any CPU
		{639A1E91-6E49-4AF6-9F7B-30C931A8EC0B}.Release|Any CPU.ActiveCfg = Release|Any CPU
		{639A1E91-6E49-4AF6-9F7B-30C931A8EC0B}.Release|Any CPU.Build.0 = Release|Any CPU
		{639A1E91-6E49-4AF6-9F7B-30C931A8EC0B}.Release|x64.ActiveCfg = Release|Any CPU
		{639A1E91-6E49-4AF6-9F7B-30C931A8EC0B}.Release|x64.Build.0 = Release|Any CPU
		{639A1E91-6E49-4AF6-9F7B-30C931A8EC0B}.Release|x86.ActiveCfg = Release|Any CPU
		{639A1E91-6E49-4AF6-9F7B-30C931A8EC0B}.Release|x86.Build.0 = Release|Any CPU
		{0C5E5B89-14BA-421D-AEA4-92F4961D912F}.Debug|Any CPU.ActiveCfg = Debug|Any CPU
		{0C5E5B89-14BA-421D-AEA4-92F4961D912F}.Debug|Any CPU.Build.0 = Debug|Any CPU
		{0C5E5B89-14BA-421D-AEA4-92F4961D912F}.Debug|x64.ActiveCfg = Debug|Any CPU
		{0C5E5B89-14BA-421D-AEA4-92F4961D912F}.Debug|x64.Build.0 = Debug|Any CPU
		{0C5E5B89-14BA-421D-AEA4-92F4961D912F}.Debug|x86.ActiveCfg = Debug|Any CPU
		{0C5E5B89-14BA-421D-AEA4-92F4961D912F}.Debug|x86.Build.0 = Debug|Any CPU
		{0C5E5B89-14BA-421D-AEA4-92F4961D912F}.Release|Any CPU.ActiveCfg = Release|Any CPU
		{0C5E5B89-14BA-421D-AEA4-92F4961D912F}.Release|Any CPU.Build.0 = Release|Any CPU
		{0C5E5B89-14BA-421D-AEA4-92F4961D912F}.Release|x64.ActiveCfg = Release|Any CPU
		{0C5E5B89-14BA-421D-AEA4-92F4961D912F}.Release|x64.Build.0 = Release|Any CPU
		{0C5E5B89-14BA-421D-AEA4-92F4961D912F}.Release|x86.ActiveCfg = Release|Any CPU
		{0C5E5B89-14BA-421D-AEA4-92F4961D912F}.Release|x86.Build.0 = Release|Any CPU
		{324A95D5-D1E7-4E1C-9884-1306CA7FB7E0}.Debug|Any CPU.ActiveCfg = Debug|Any CPU
		{324A95D5-D1E7-4E1C-9884-1306CA7FB7E0}.Debug|Any CPU.Build.0 = Debug|Any CPU
		{324A95D5-D1E7-4E1C-9884-1306CA7FB7E0}.Debug|x64.ActiveCfg = Debug|Any CPU
		{324A95D5-D1E7-4E1C-9884-1306CA7FB7E0}.Debug|x64.Build.0 = Debug|Any CPU
		{324A95D5-D1E7-4E1C-9884-1306CA7FB7E0}.Debug|x86.ActiveCfg = Debug|Any CPU
		{324A95D5-D1E7-4E1C-9884-1306CA7FB7E0}.Debug|x86.Build.0 = Debug|Any CPU
		{324A95D5-D1E7-4E1C-9884-1306CA7FB7E0}.Release|Any CPU.ActiveCfg = Release|Any CPU
		{324A95D5-D1E7-4E1C-9884-1306CA7FB7E0}.Release|Any CPU.Build.0 = Release|Any CPU
		{324A95D5-D1E7-4E1C-9884-1306CA7FB7E0}.Release|x64.ActiveCfg = Release|Any CPU
		{324A95D5-D1E7-4E1C-9884-1306CA7FB7E0}.Release|x64.Build.0 = Release|Any CPU
		{324A95D5-D1E7-4E1C-9884-1306CA7FB7E0}.Release|x86.ActiveCfg = Release|Any CPU
		{324A95D5-D1E7-4E1C-9884-1306CA7FB7E0}.Release|x86.Build.0 = Release|Any CPU
		{14C8CE56-38BE-48CD-B4D9-2AE3317AE4AE}.Debug|Any CPU.ActiveCfg = Debug|Any CPU
		{14C8CE56-38BE-48CD-B4D9-2AE3317AE4AE}.Debug|Any CPU.Build.0 = Debug|Any CPU
		{14C8CE56-38BE-48CD-B4D9-2AE3317AE4AE}.Debug|x64.ActiveCfg = Debug|Any CPU
		{14C8CE56-38BE-48CD-B4D9-2AE3317AE4AE}.Debug|x64.Build.0 = Debug|Any CPU
		{14C8CE56-38BE-48CD-B4D9-2AE3317AE4AE}.Debug|x86.ActiveCfg = Debug|Any CPU
		{14C8CE56-38BE-48CD-B4D9-2AE3317AE4AE}.Debug|x86.Build.0 = Debug|Any CPU
		{14C8CE56-38BE-48CD-B4D9-2AE3317AE4AE}.Release|Any CPU.ActiveCfg = Release|Any CPU
		{14C8CE56-38BE-48CD-B4D9-2AE3317AE4AE}.Release|Any CPU.Build.0 = Release|Any CPU
		{14C8CE56-38BE-48CD-B4D9-2AE3317AE4AE}.Release|x64.ActiveCfg = Release|Any CPU
		{14C8CE56-38BE-48CD-B4D9-2AE3317AE4AE}.Release|x64.Build.0 = Release|Any CPU
		{14C8CE56-38BE-48CD-B4D9-2AE3317AE4AE}.Release|x86.ActiveCfg = Release|Any CPU
		{14C8CE56-38BE-48CD-B4D9-2AE3317AE4AE}.Release|x86.Build.0 = Release|Any CPU
		{2FB668BF-9D35-47A2-86E3-1450ADFD50C1}.Debug|Any CPU.ActiveCfg = Debug|Any CPU
		{2FB668BF-9D35-47A2-86E3-1450ADFD50C1}.Debug|Any CPU.Build.0 = Debug|Any CPU
		{2FB668BF-9D35-47A2-86E3-1450ADFD50C1}.Debug|x64.ActiveCfg = Debug|Any CPU
		{2FB668BF-9D35-47A2-86E3-1450ADFD50C1}.Debug|x64.Build.0 = Debug|Any CPU
		{2FB668BF-9D35-47A2-86E3-1450ADFD50C1}.Debug|x86.ActiveCfg = Debug|Any CPU
		{2FB668BF-9D35-47A2-86E3-1450ADFD50C1}.Debug|x86.Build.0 = Debug|Any CPU
		{2FB668BF-9D35-47A2-86E3-1450ADFD50C1}.Release|Any CPU.ActiveCfg = Release|Any CPU
		{2FB668BF-9D35-47A2-86E3-1450ADFD50C1}.Release|Any CPU.Build.0 = Release|Any CPU
		{2FB668BF-9D35-47A2-86E3-1450ADFD50C1}.Release|x64.ActiveCfg = Release|Any CPU
		{2FB668BF-9D35-47A2-86E3-1450ADFD50C1}.Release|x64.Build.0 = Release|Any CPU
		{2FB668BF-9D35-47A2-86E3-1450ADFD50C1}.Release|x86.ActiveCfg = Release|Any CPU
		{2FB668BF-9D35-47A2-86E3-1450ADFD50C1}.Release|x86.Build.0 = Release|Any CPU
		{F24DDAB7-C605-4C33-9D12-24AB9B9CF07C}.Debug|Any CPU.ActiveCfg = Debug|Any CPU
		{F24DDAB7-C605-4C33-9D12-24AB9B9CF07C}.Debug|Any CPU.Build.0 = Debug|Any CPU
		{F24DDAB7-C605-4C33-9D12-24AB9B9CF07C}.Debug|x64.ActiveCfg = Debug|Any CPU
		{F24DDAB7-C605-4C33-9D12-24AB9B9CF07C}.Debug|x64.Build.0 = Debug|Any CPU
		{F24DDAB7-C605-4C33-9D12-24AB9B9CF07C}.Debug|x86.ActiveCfg = Debug|Any CPU
		{F24DDAB7-C605-4C33-9D12-24AB9B9CF07C}.Debug|x86.Build.0 = Debug|Any CPU
		{F24DDAB7-C605-4C33-9D12-24AB9B9CF07C}.Release|Any CPU.ActiveCfg = Release|Any CPU
		{F24DDAB7-C605-4C33-9D12-24AB9B9CF07C}.Release|Any CPU.Build.0 = Release|Any CPU
		{F24DDAB7-C605-4C33-9D12-24AB9B9CF07C}.Release|x64.ActiveCfg = Release|Any CPU
		{F24DDAB7-C605-4C33-9D12-24AB9B9CF07C}.Release|x64.Build.0 = Release|Any CPU
		{F24DDAB7-C605-4C33-9D12-24AB9B9CF07C}.Release|x86.ActiveCfg = Release|Any CPU
		{F24DDAB7-C605-4C33-9D12-24AB9B9CF07C}.Release|x86.Build.0 = Release|Any CPU
		{DFADE4BD-0B81-4274-AF66-A8AABB7E599B}.Debug|Any CPU.ActiveCfg = Debug|Any CPU
		{DFADE4BD-0B81-4274-AF66-A8AABB7E599B}.Debug|Any CPU.Build.0 = Debug|Any CPU
		{DFADE4BD-0B81-4274-AF66-A8AABB7E599B}.Debug|x64.ActiveCfg = Debug|Any CPU
		{DFADE4BD-0B81-4274-AF66-A8AABB7E599B}.Debug|x64.Build.0 = Debug|Any CPU
		{DFADE4BD-0B81-4274-AF66-A8AABB7E599B}.Debug|x86.ActiveCfg = Debug|Any CPU
		{DFADE4BD-0B81-4274-AF66-A8AABB7E599B}.Debug|x86.Build.0 = Debug|Any CPU
		{DFADE4BD-0B81-4274-AF66-A8AABB7E599B}.Release|Any CPU.ActiveCfg = Release|Any CPU
		{DFADE4BD-0B81-4274-AF66-A8AABB7E599B}.Release|Any CPU.Build.0 = Release|Any CPU
		{DFADE4BD-0B81-4274-AF66-A8AABB7E599B}.Release|x64.ActiveCfg = Release|Any CPU
		{DFADE4BD-0B81-4274-AF66-A8AABB7E599B}.Release|x64.Build.0 = Release|Any CPU
		{DFADE4BD-0B81-4274-AF66-A8AABB7E599B}.Release|x86.ActiveCfg = Release|Any CPU
		{DFADE4BD-0B81-4274-AF66-A8AABB7E599B}.Release|x86.Build.0 = Release|Any CPU
		{E1BFDB58-B9B3-49C7-A4FC-21E2622B6BFB}.Debug|Any CPU.ActiveCfg = Debug|Any CPU
		{E1BFDB58-B9B3-49C7-A4FC-21E2622B6BFB}.Debug|Any CPU.Build.0 = Debug|Any CPU
		{E1BFDB58-B9B3-49C7-A4FC-21E2622B6BFB}.Debug|x64.ActiveCfg = Debug|Any CPU
		{E1BFDB58-B9B3-49C7-A4FC-21E2622B6BFB}.Debug|x64.Build.0 = Debug|Any CPU
		{E1BFDB58-B9B3-49C7-A4FC-21E2622B6BFB}.Debug|x86.ActiveCfg = Debug|Any CPU
		{E1BFDB58-B9B3-49C7-A4FC-21E2622B6BFB}.Debug|x86.Build.0 = Debug|Any CPU
		{E1BFDB58-B9B3-49C7-A4FC-21E2622B6BFB}.Release|Any CPU.ActiveCfg = Release|Any CPU
		{E1BFDB58-B9B3-49C7-A4FC-21E2622B6BFB}.Release|Any CPU.Build.0 = Release|Any CPU
		{E1BFDB58-B9B3-49C7-A4FC-21E2622B6BFB}.Release|x64.ActiveCfg = Release|Any CPU
		{E1BFDB58-B9B3-49C7-A4FC-21E2622B6BFB}.Release|x64.Build.0 = Release|Any CPU
		{E1BFDB58-B9B3-49C7-A4FC-21E2622B6BFB}.Release|x86.ActiveCfg = Release|Any CPU
		{E1BFDB58-B9B3-49C7-A4FC-21E2622B6BFB}.Release|x86.Build.0 = Release|Any CPU
		{62AC5290-1770-4C72-9125-E0E0C5B535B8}.Debug|Any CPU.ActiveCfg = Debug|Any CPU
		{62AC5290-1770-4C72-9125-E0E0C5B535B8}.Debug|Any CPU.Build.0 = Debug|Any CPU
		{62AC5290-1770-4C72-9125-E0E0C5B535B8}.Debug|x64.ActiveCfg = Debug|Any CPU
		{62AC5290-1770-4C72-9125-E0E0C5B535B8}.Debug|x64.Build.0 = Debug|Any CPU
		{62AC5290-1770-4C72-9125-E0E0C5B535B8}.Debug|x86.ActiveCfg = Debug|Any CPU
		{62AC5290-1770-4C72-9125-E0E0C5B535B8}.Debug|x86.Build.0 = Debug|Any CPU
		{62AC5290-1770-4C72-9125-E0E0C5B535B8}.Release|Any CPU.ActiveCfg = Release|Any CPU
		{62AC5290-1770-4C72-9125-E0E0C5B535B8}.Release|Any CPU.Build.0 = Release|Any CPU
		{62AC5290-1770-4C72-9125-E0E0C5B535B8}.Release|x64.ActiveCfg = Release|Any CPU
		{62AC5290-1770-4C72-9125-E0E0C5B535B8}.Release|x64.Build.0 = Release|Any CPU
		{62AC5290-1770-4C72-9125-E0E0C5B535B8}.Release|x86.ActiveCfg = Release|Any CPU
		{62AC5290-1770-4C72-9125-E0E0C5B535B8}.Release|x86.Build.0 = Release|Any CPU
	EndGlobalSection
EndGlobal
